Microsoft Visual Studio Solution File, Format Version 12.00
# Visual Studio 2013
VisualStudioVersion = 12.0.30324.0
MinimumVisualStudioVersion = 10.0.40219.1
Project("{FAE04EC0-301F-11D3-BF4B-00C04F79EFBC}") = "Assembly-CSharp-firstpass", "Assembly-CSharp-firstpass.csproj", "{518622B2-9050-A153-E465-3E4BD155181A}"
EndProject
Project("{FAE04EC0-301F-11D3-BF4B-00C04F79EFBC}") = "Assembly-CSharp", "Assembly-CSharp.csproj", "{C3DA89E1-70C6-7D6C-993E-C8F831D35880}"
EndProject
Project("{FAE04EC0-301F-11D3-BF4B-00C04F79EFBC}") = "UtymapLib.Tests", "UtymapLib.Tests\UtymapLib.Tests.csproj", "{D6B35672-C5B0-40F4-B6CC-AFE012366896}"
EndProject
Project("{2150E333-8FDC-42A3-9474-1A3956D46DE8}") = ".nuget", ".nuget", "{C4195828-F2AE-4DFD-BDB4-D5AD582905C7}"
	ProjectSection(SolutionItems) = preProject
		.nuget\NuGet.Config = .nuget\NuGet.Config
		.nuget\NuGet.exe = .nuget\NuGet.exe
		.nuget\NuGet.targets = .nuget\NuGet.targets
	EndProjectSection
EndProject
Global
	GlobalSection(SolutionConfigurationPlatforms) = preSolution
		Debug|Any CPU = Debug|Any CPU
		Release|Any CPU = Release|Any CPU
	EndGlobalSection
	GlobalSection(ProjectConfigurationPlatforms) = postSolution
		{518622B2-9050-A153-E465-3E4BD155181A}.Debug|Any CPU.ActiveCfg = Debug|Any CPU
		{518622B2-9050-A153-E465-3E4BD155181A}.Debug|Any CPU.Build.0 = Debug|Any CPU
		{518622B2-9050-A153-E465-3E4BD155181A}.Release|Any CPU.ActiveCfg = Release|Any CPU
		{518622B2-9050-A153-E465-3E4BD155181A}.Release|Any CPU.Build.0 = Release|Any CPU
		{C3DA89E1-70C6-7D6C-993E-C8F831D35880}.Debug|Any CPU.ActiveCfg = Debug|Any CPU
		{C3DA89E1-70C6-7D6C-993E-C8F831D35880}.Debug|Any CPU.Build.0 = Debug|Any CPU
		{C3DA89E1-70C6-7D6C-993E-C8F831D35880}.Release|Any CPU.ActiveCfg = Release|Any CPU
		{C3DA89E1-70C6-7D6C-993E-C8F831D35880}.Release|Any CPU.Build.0 = Release|Any CPU
		{D6B35672-C5B0-40F4-B6CC-AFE012366896}.Debug|Any CPU.ActiveCfg = Debug|Any CPU
		{D6B35672-C5B0-40F4-B6CC-AFE012366896}.Debug|Any CPU.Build.0 = Debug|Any CPU
		{D6B35672-C5B0-40F4-B6CC-AFE012366896}.Release|Any CPU.ActiveCfg = Release|Any CPU
		{D6B35672-C5B0-40F4-B6CC-AFE012366896}.Release|Any CPU.Build.0 = Release|Any CPU
	EndGlobalSection
	GlobalSection(SolutionProperties) = preSolution
		HideSolutionNode = FALSE
	EndGlobalSection
	GlobalSection(MonoDevelopProperties) = preSolution
		StartupItem = Assembly-CSharp.csproj
	EndGlobalSection
EndGlobal
